
Microsoft Visual Studio Solution File, Format Version 12.00
# Visual Studio Version 16
VisualStudioVersion = 16.0.30523.141
MinimumVisualStudioVersion = 10.0.40219.1
Project("{9A19103F-16F7-4668-BE54-9A1E7A4F7556}") = "_testesDeProcessamento", "Udemy_PrimeirosPassos\_testesDeProcessamento.csproj", "{E65F6717-7EAF-4A10-BFA2-85EDDC44D144}"
EndProject
Project("{9A19103F-16F7-4668-BE54-9A1E7A4F7556}") = "Aula15_b", "Aula15\Aula15_b.csproj", "{C99FC7B7-ED61-4351-95E6-E0A6379E26ED}"
EndProject
Project("{9A19103F-16F7-4668-BE54-9A1E7A4F7556}") = "Aula17_a", "Aula17\Aula17_a.csproj", "{5F428EE8-E4FE-4D16-B197-562CE8872371}"
EndProject
Project("{9A19103F-16F7-4668-BE54-9A1E7A4F7556}") = "Aula17_b", "Aula17_b\Aula17_b.csproj", "{7DA5FC03-5A35-4B2C-8BB2-BDF5ECF83606}"
EndProject
Project("{9A19103F-16F7-4668-BE54-9A1E7A4F7556}") = "Aula15_a", "Aula15_a\Aula15_a.csproj", "{02883B49-D1A7-436E-9941-B17CFC349DF0}"
EndProject
Project("{9A19103F-16F7-4668-BE54-9A1E7A4F7556}") = "Aula18", "Aula18\Aula18.csproj", "{BAF34A40-0D8C-4B96-9121-15AC3D6C92DA}"
EndProject
Project("{9A19103F-16F7-4668-BE54-9A1E7A4F7556}") = "Aula19", "Aula_19\Aula19.csproj", "{AF8F418E-F509-4724-9EBE-6884125D8EE4}"
EndProject
Project("{9A19103F-16F7-4668-BE54-9A1E7A4F7556}") = "Aula24", "Aula24\Aula24.csproj", "{1C9345D7-2538-4ED3-9C71-A2921908E439}"
EndProject
Project("{9A19103F-16F7-4668-BE54-9A1E7A4F7556}") = "Uri1009", "Uri1009\Uri1009.csproj", "{C511221F-3601-4046-AE1E-68C96BDB270B}"
EndProject
Project("{9A19103F-16F7-4668-BE54-9A1E7A4F7556}") = "Uri1002", "Uri1002\Uri1002.csproj", "{FF67E387-2ACA-470D-8E20-B6459BCD58C0}"
EndProject
Project("{9A19103F-16F7-4668-BE54-9A1E7A4F7556}") = "Uri1001", "Uri1001\Uri1001.csproj", "{37FCBCD9-4701-44EC-BEF6-9019F698846A}"
EndProject
Project("{9A19103F-16F7-4668-BE54-9A1E7A4F7556}") = "Uri1003", "Uri1003\Uri1003.csproj", "{C6A06857-12F6-4037-A501-34D9F9304116}"
EndProject
Project("{9A19103F-16F7-4668-BE54-9A1E7A4F7556}") = "Uri1004", "Uri1004\Uri1004.csproj", "{0B260841-0180-4855-9AC7-CB268797F547}"
EndProject
Project("{9A19103F-16F7-4668-BE54-9A1E7A4F7556}") = "Uri1007", "Uri1007\Uri1007.csproj", "{6F95F83E-AD83-4E44-92A5-D7D1F66FB9FA}"
EndProject
Project("{9A19103F-16F7-4668-BE54-9A1E7A4F7556}") = "Uri1008", "Uri1008\Uri1008.csproj", "{CE7EC894-B81E-4E42-A7A2-0424B9334443}"
EndProject
Project("{9A19103F-16F7-4668-BE54-9A1E7A4F7556}") = "Uri1010", "Uri1010\Uri1010.csproj", "{97ADBDA6-5552-4438-BA46-78C41CA2664F}"
EndProject
Project("{9A19103F-16F7-4668-BE54-9A1E7A4F7556}") = "Uri1005", "Uri1005\Uri1005.csproj", "{BF2857DE-407D-4136-90D4-7B19C34EF1BE}"
EndProject
Project("{9A19103F-16F7-4668-BE54-9A1E7A4F7556}") = "Uri1006", "Uri1006\Uri1006.csproj", "{E6F82B6E-B60A-423C-B7DC-1608FD965DCE}"
EndProject
Project("{9A19103F-16F7-4668-BE54-9A1E7A4F7556}") = "Uri1014", "Uri1014\Uri1014.csproj", "{8924FFA4-105D-45B0-A053-B7AA84E0344F}"
EndProject
Project("{9A19103F-16F7-4668-BE54-9A1E7A4F7556}") = "Uri1016", "Uri1016\Uri1016.csproj", "{72147657-0258-46B6-9483-A3E71EFAF4A8}"
EndProject
Project("{9A19103F-16F7-4668-BE54-9A1E7A4F7556}") = "Aula25", "Aula25\Aula25.csproj", "{2B8FE4C8-CFA9-425D-ACDD-D71210470B77}"
EndProject
Project("{9A19103F-16F7-4668-BE54-9A1E7A4F7556}") = "Uri1017", "Uri1017\Uri1017.csproj", "{7E8A9829-E4AB-494E-B626-F6200074FEF0}"
EndProject
Project("{2150E333-8FDC-42A3-9474-1A3956D46DE8}") = "Exercícios propostos - PARTE 2", "Exercícios propostos - PARTE 2", "{F1AF1759-BDCC-4281-8B29-9A787F47F153}"
EndProject
Project("{2150E333-8FDC-42A3-9474-1A3956D46DE8}") = "Exercícios propostos - PARTE 1", "Exercícios propostos - PARTE 1", "{0E22DCB1-A1B8-4FAA-B68C-1927E2B47F75}"
EndProject
Project("{9A19103F-16F7-4668-BE54-9A1E7A4F7556}") = "Uri1011", "Uri1011\Uri1011.csproj", "{079265E3-FE07-40F8-96D8-6F8A3C442320}"
EndProject
Project("{9A19103F-16F7-4668-BE54-9A1E7A4F7556}") = "Uri1012", "Uri1012\Uri1012.csproj", "{010DF578-7222-4097-9F6A-5EA1C2EE71B7}"
EndProject
Project("{9A19103F-16F7-4668-BE54-9A1E7A4F7556}") = "Uri1013", "Uri1013\Uri1013.csproj", "{0D865C94-D074-47B3-95FE-AC2D939D5CCF}"
EndProject
Project("{9A19103F-16F7-4668-BE54-9A1E7A4F7556}") = "Uri1015", "Uri1015\Uri1015.csproj", "{B0E9674C-398E-4BA4-8F6E-56FBAC933190}"
EndProject
Project("{9A19103F-16F7-4668-BE54-9A1E7A4F7556}") = "Aula27", "Aula27\Aula27.csproj", "{CF1EF0E3-00E2-4DC3-8C11-4B69021B621A}"
EndProject
Project("{2150E333-8FDC-42A3-9474-1A3956D46DE8}") = "Exercícios propostos - PARTE 3", "Exercícios propostos - PARTE 3", "{23C8F17E-1D2E-44EB-BBAF-D18374B1DDD3}"
EndProject
Project("{9A19103F-16F7-4668-BE54-9A1E7A4F7556}") = "Uri1018", "Uri1018\Uri1018.csproj", "{63DC61B7-EA1F-4879-8666-3B6112FD1698}"
EndProject
Project("{9A19103F-16F7-4668-BE54-9A1E7A4F7556}") = "Uri1020", "Uri1020\Uri1020.csproj", "{0C210BD2-E614-43E4-9E53-E6419597F00E}"
EndProject
Project("{9A19103F-16F7-4668-BE54-9A1E7A4F7556}") = "Uri1021", "Uri1021\Uri1021.csproj", "{806DF0B3-A856-41ED-AA99-6340B8C4CA58}"
EndProject
Project("{9A19103F-16F7-4668-BE54-9A1E7A4F7556}") = "Uri1061", "Uri1061\Uri1061.csproj", "{F3A97148-1442-44D9-B653-A637ED3C5643}"
EndProject
Project("{9A19103F-16F7-4668-BE54-9A1E7A4F7556}") = "Aula33", "Aula33\Aula33.csproj", "{A535E31E-5427-40CA-9448-EF0919D00ADA}"
EndProject
Project("{9A19103F-16F7-4668-BE54-9A1E7A4F7556}") = "Aula34", "Aula34\Aula34.csproj", "{66E861E6-A813-44BE-BB9D-F56D50492923}"
EndProject
Project("{9A19103F-16F7-4668-BE54-9A1E7A4F7556}") = "Aula35", "Aula35\Aula35.csproj", "{7D8B9933-A6C9-408D-8ED1-63CBB520AFA1}"
EndProject
Project("{9A19103F-16F7-4668-BE54-9A1E7A4F7556}") = "Aula36", "Aula36\Aula36.csproj", "{242ABA57-A7A7-4545-9C1E-89C317AFEEB5}"
EndProject
Project("{2150E333-8FDC-42A3-9474-1A3956D46DE8}") = "Exercícios Propostos - Condicional", "Exercícios Propostos - Condicional", "{4C2AE59B-9A92-47D7-B4C0-0A12165B6E1E}"
EndProject
Project("{9A19103F-16F7-4668-BE54-9A1E7A4F7556}") = "1035", "1035\1035.csproj", "{DBEA370D-4C89-41D0-B35E-64AB391EC2E3}"
EndProject
Project("{9A19103F-16F7-4668-BE54-9A1E7A4F7556}") = "1040", "1040\1040.csproj", "{79973C63-2493-4319-8545-24EE7BA9A78E}"
EndProject
Project("{9A19103F-16F7-4668-BE54-9A1E7A4F7556}") = "1038", "1038\1038.csproj", "{05980041-6D61-43AE-8111-02C9FD7E135A}"
EndProject
Project("{9A19103F-16F7-4668-BE54-9A1E7A4F7556}") = "1044", "1044\1044.csproj", "{269A0EB8-EC5B-4528-B578-05719244206A}"
EndProject
Project("{9A19103F-16F7-4668-BE54-9A1E7A4F7556}") = "1046", "1046\1046.csproj", "{526E787F-AC9A-4C68-8C00-C84C3F551B2B}"
EndProject
Project("{9A19103F-16F7-4668-BE54-9A1E7A4F7556}") = "1048", "1048\1048.csproj", "{0CA88CBF-EACE-41B3-86D5-088B66BF591E}"
EndProject
Project("{9A19103F-16F7-4668-BE54-9A1E7A4F7556}") = "1037", "1037\1037.csproj", "{14E19B4A-8E66-4C3A-AA03-469092C34C8B}"
EndProject
Project("{9A19103F-16F7-4668-BE54-9A1E7A4F7556}") = "1041", "1041\1041.csproj", "{BB54DF1A-DAF9-4F0B-9F46-3867D639B1A4}"
EndProject
Project("{9A19103F-16F7-4668-BE54-9A1E7A4F7556}") = "1045", "1045\1045.csproj", "{75882BAD-B387-49DB-806A-D153F4322049}"
EndProject
Project("{9A19103F-16F7-4668-BE54-9A1E7A4F7556}") = "1047", "1047\1047.csproj", "{99DC3F44-7694-432B-A75B-B3BA339ACC41}"
EndProject
Project("{9A19103F-16F7-4668-BE54-9A1E7A4F7556}") = "1049", "1049\1049.csproj", "{7DB3B816-1317-4FB1-9C47-E498D306AF44}"
EndProject
Project("{9A19103F-16F7-4668-BE54-9A1E7A4F7556}") = "1051", "1051\1051.csproj", "{0E7D5EFF-FE10-415F-B691-8330776DE954}"
EndProject
Project("{9A19103F-16F7-4668-BE54-9A1E7A4F7556}") = "1042", "1042\1042.csproj", "{B8CB5C56-D4F3-418B-BEEA-536715B913FD}"
EndProject
Project("{9A19103F-16F7-4668-BE54-9A1E7A4F7556}") = "1043", "1043\1043.csproj", "{96DE0D46-34BE-4610-A69A-1DF96FC8FA25}"
EndProject
Project("{9A19103F-16F7-4668-BE54-9A1E7A4F7556}") = "1050", "1050\1050.csproj", "{CDF00817-3852-41F3-8D15-C162418671A5}"
EndProject
Project("{9A19103F-16F7-4668-BE54-9A1E7A4F7556}") = "1052", "1052\1052.csproj", "{6C91FCDC-808D-4764-9198-B3FCBA25F2A9}"
EndProject
Project("{2150E333-8FDC-42A3-9474-1A3956D46DE8}") = "Aulas", "Aulas", "{020E2D52-874F-4242-9BCA-CB68C114475B}"
EndProject
Project("{9A19103F-16F7-4668-BE54-9A1E7A4F7556}") = "1060", "1060\1060.csproj", "{B5409483-FF52-458E-8D7F-EA1C5B267260}"
EndProject
Project("{9A19103F-16F7-4668-BE54-9A1E7A4F7556}") = "1064", "1064\1064.csproj", "{498EF08B-055F-4BC2-9750-36AA4FD9869E}"
EndProject
Project("{9A19103F-16F7-4668-BE54-9A1E7A4F7556}") = "1065", "1065\1065.csproj", "{7239C634-EF7B-486C-A6AE-09CA94B0CFDF}"
EndProject
Project("{9A19103F-16F7-4668-BE54-9A1E7A4F7556}") = "1066", "1066\1066.csproj", "{F18B408A-8E2F-4CDD-96D6-60BAD017613F}"
EndProject
Project("{9A19103F-16F7-4668-BE54-9A1E7A4F7556}") = "1070", "1070\1070.csproj", "{BC3B661B-20C5-4085-BA01-6E9FFD226C80}"
EndProject
Project("{9A19103F-16F7-4668-BE54-9A1E7A4F7556}") = "Aula43_uri1113", "Aula43_uri1113\Aula43_uri1113.csproj", "{032D93CD-C1F3-43FE-A087-E5944CF38CD1}"
EndProject
Project("{9A19103F-16F7-4668-BE54-9A1E7A4F7556}") = "Aula44", "Aula44\Aula44.csproj", "{1D483028-A358-4393-BDF4-D16DB8984E3A}"
EndProject
Project("{2150E333-8FDC-42A3-9474-1A3956D46DE8}") = "Exercícios Propostos - Repetiçoes-Enquanto", "Exercícios Propostos - Repetiçoes-Enquanto", "{9EE16124-D623-4AFC-8A1F-FFA4DFFFBEA0}"
EndProject
Project("{9A19103F-16F7-4668-BE54-9A1E7A4F7556}") = "1114", "1114\1114.csproj", "{5CD08C39-7D2A-4DF1-8DEE-4A4025C77EFE}"
EndProject
Project("{9A19103F-16F7-4668-BE54-9A1E7A4F7556}") = "1118", "1118\1118.csproj", "{C02280C7-C700-4CAE-AB92-2F530EAF7A51}"
EndProject
Project("{9A19103F-16F7-4668-BE54-9A1E7A4F7556}") = "1131", "1131\1131.csproj", "{75A3DE24-2B2C-471E-A588-6D10AE86BE37}"
EndProject
Project("{9A19103F-16F7-4668-BE54-9A1E7A4F7556}") = "1115", "1115\1115.csproj", "{0EEFECCB-253C-45FF-997B-A4606D345978}"
EndProject
Project("{9A19103F-16F7-4668-BE54-9A1E7A4F7556}") = "1117", "1117\1117.csproj", "{487DE669-B826-4041-8477-3E2C8AF9D8D7}"
EndProject
Project("{9A19103F-16F7-4668-BE54-9A1E7A4F7556}") = "1134", "1134\1134.csproj", "{4378FED3-61A7-4D40-90C7-016C08F508B9}"
EndProject
Project("{9A19103F-16F7-4668-BE54-9A1E7A4F7556}") = "1154", "1154\1154.csproj", "{3D96E896-2494-4657-B4BB-1D632D8C92F6}"
EndProject
Project("{9A19103F-16F7-4668-BE54-9A1E7A4F7556}") = "1159", "1159\1159.csproj", "{450F0D3A-F76A-4172-9285-9027B6BD65F8}"
EndProject
Project("{9A19103F-16F7-4668-BE54-9A1E7A4F7556}") = "Aula46", "Aula46\Aula46.csproj", "{8FA84BCC-A074-46F8-91F8-00C9115B5196}"
EndProject
Project("{9A19103F-16F7-4668-BE54-9A1E7A4F7556}") = "Aula49_uri1078", "Aula49_uri1078\Aula49_uri1078.csproj", "{7E2DD765-0BA3-4158-86DF-EBD0A6009815}"
EndProject
Project("{9A19103F-16F7-4668-BE54-9A1E7A4F7556}") = "Aula50_Uri1071", "Aula50_Uri1071\Aula50_Uri1071.csproj", "{DFB3C789-99B0-45A7-9F91-BDCFF79922AA}"
EndProject
Project("{9A19103F-16F7-4668-BE54-9A1E7A4F7556}") = "Aula51_DoWhile_F_C", "Aula51_DoWhile_F_C\Aula51_DoWhile_F_C.csproj", "{DB11A2FA-F02A-46BE-A8A6-BFB98BAEF4A9}"
EndProject
Project("{2150E333-8FDC-42A3-9474-1A3956D46DE8}") = "Exercícios Propostos - PARTE 4", "Exercícios Propostos - PARTE 4", "{4B35CC4F-7E69-495B-8ED1-03916171F8CC}"
EndProject
Project("{9A19103F-16F7-4668-BE54-9A1E7A4F7556}") = "Uri1067", "Uri1067\Uri1067.csproj", "{632CB4F7-4734-4516-8856-BAED12ADA2AD}"
EndProject
Project("{9A19103F-16F7-4668-BE54-9A1E7A4F7556}") = "Uri1071", "Uri1071\Uri1071.csproj", "{CAB5EFF3-D8A6-4C76-8DA0-ECAA9B6A6112}"
EndProject
Project("{9A19103F-16F7-4668-BE54-9A1E7A4F7556}") = "Uri1072", "Uri1072\Uri1072.csproj", "{15645B83-8C32-4134-87E4-A9FCC6C6C5E7}"
EndProject
Project("{9A19103F-16F7-4668-BE54-9A1E7A4F7556}") = "Uri1074", "Uri1074\Uri1074.csproj", "{A15B352A-51DE-43C2-9DDD-767F73AB72C3}"
EndProject
Project("{9A19103F-16F7-4668-BE54-9A1E7A4F7556}") = "Uri1073", "Uri1073\Uri1073.csproj", "{4E18B17A-CAB7-4888-BE9A-9BF3BD366B1C}"
EndProject
Project("{9A19103F-16F7-4668-BE54-9A1E7A4F7556}") = "Uri1075", "Uri1075\Uri1075.csproj", "{633B55ED-E750-4C6F-B36B-6A1C826E7CD1}"
EndProject
Project("{9A19103F-16F7-4668-BE54-9A1E7A4F7556}") = "Uri1079", "Uri1079\Uri1079.csproj", "{52F21CE6-62DB-4B93-AB59-B6616C764DA4}"
EndProject
Project("{9A19103F-16F7-4668-BE54-9A1E7A4F7556}") = "Uri1080", "Uri1080\Uri1080.csproj", "{434E41CB-2514-43EF-9A15-A9C8856782E4}"
EndProject
Project("{9A19103F-16F7-4668-BE54-9A1E7A4F7556}") = "Uri1094", "Uri1094\Uri1094.csproj", "{77DAB1E1-59BB-4349-B714-B5E60CCBF43F}"
EndProject
Project("{9A19103F-16F7-4668-BE54-9A1E7A4F7556}") = "Uri1096", "Uri1096\Uri1096.csproj", "{449D2091-3AFD-4399-A003-45D07FA5B157}"
EndProject
Project("{9A19103F-16F7-4668-BE54-9A1E7A4F7556}") = "Uri1097", "Uri1097\Uri1097.csproj", "{A446E37D-2BED-42FD-AE92-2DBA29479533}"
EndProject
Project("{9A19103F-16F7-4668-BE54-9A1E7A4F7556}") = "Uri1116", "Uri1116\Uri1116.csproj", "{695B14B1-7758-468C-BAED-84A5DEAF5CC1}"
EndProject
Project("{9A19103F-16F7-4668-BE54-9A1E7A4F7556}") = "Uri1132", "Uri1132\Uri1132.csproj", "{7F42D630-7043-46A0-A9CC-224B69A9A62C}"
EndProject
Project("{9A19103F-16F7-4668-BE54-9A1E7A4F7556}") = "Uri1133", "Uri1133\Uri1133.csproj", "{A64B10DE-86D8-4292-AE45-749B6CCDFCC3}"
EndProject
Project("{9A19103F-16F7-4668-BE54-9A1E7A4F7556}") = "Uri1142", "Uri1142\Uri1142.csproj", "{C6D92122-016D-4E9D-AADA-1F70E0E8D977}"
EndProject
Project("{9A19103F-16F7-4668-BE54-9A1E7A4F7556}") = "Aula54", "Aula54\Aula54.csproj", "{165B8A00-AD38-4332-B500-01F4721566E5}"
EndProject
Project("{9A19103F-16F7-4668-BE54-9A1E7A4F7556}") = "Aula57", "Aula57\Aula57.csproj", "{326F9500-E355-48A9-89B2-4981C327D8B6}"
EndProject
Project("{9A19103F-16F7-4668-BE54-9A1E7A4F7556}") = "Aula58", "Aula58\Aula58.csproj", "{0359F6C4-BEC9-431F-A156-CA327BFDA0F4}"
EndProject
Project("{9A19103F-16F7-4668-BE54-9A1E7A4F7556}") = "Aula58_b", "Aula58_b\Aula58_b.csproj", "{1687F454-1B11-41AF-BA14-CE4293643D7B}"
EndProject
Project("{9A19103F-16F7-4668-BE54-9A1E7A4F7556}") = "Aula59", "Aula59\Aula59.csproj", "{51CDF335-F6DE-434F-B005-53B6B02DD100}"
EndProject
Project("{9A19103F-16F7-4668-BE54-9A1E7A4F7556}") = "Aula60", "Aula60\Aula60.csproj", "{3A4C3A2C-7022-474E-A52D-BB82FFE187D0}"
EndProject
Project("{2150E333-8FDC-42A3-9474-1A3956D46DE8}") = "Exercícios Propostos - Vetores - Parte 2", "Exercícios Propostos - Vetores - Parte 2", "{839431FB-562B-4641-89D3-0B94F542F0E6}"
EndProject
Project("{9A19103F-16F7-4668-BE54-9A1E7A4F7556}") = "vetores01", "vetores01\vetores01.csproj", "{3761C675-CE93-47F3-88B8-1D6DCB2F2F68}"
EndProject
Project("{9A19103F-16F7-4668-BE54-9A1E7A4F7556}") = "vetores02", "vetores02\vetores02.csproj", "{8AFF5203-E857-459B-ACE8-09DD7243C73B}"
EndProject
Project("{9A19103F-16F7-4668-BE54-9A1E7A4F7556}") = "vetores03", "vetores03\vetores03.csproj", "{F08E9782-A9B2-41B7-B8CD-FC614A4A6CEE}"
EndProject
Project("{9A19103F-16F7-4668-BE54-9A1E7A4F7556}") = "vetores04", "vetores04\vetores04.csproj", "{25FAF8A3-825E-42AA-A175-3E3C4B9EDF5E}"
EndProject
Project("{9A19103F-16F7-4668-BE54-9A1E7A4F7556}") = "vetores05", "vetores05\vetores05.csproj", "{B85BE4F9-28D4-470B-B6AB-E4138E3B913F}"
EndProject
Project("{9A19103F-16F7-4668-BE54-9A1E7A4F7556}") = "vetores06", "vetores06\vetores06.csproj", "{A50E4854-E58B-41F5-94B1-EA10E0A4E2E4}"
EndProject
Project("{9A19103F-16F7-4668-BE54-9A1E7A4F7556}") = "vetores07", "vetores07\vetores07.csproj", "{2E23D2D5-B5E7-42EE-A932-FE7CF3858CA7}"
EndProject
Project("{9A19103F-16F7-4668-BE54-9A1E7A4F7556}") = "vetores08", "vetores08\vetores08.csproj", "{01553B71-922C-4664-B74B-0F454A9260D9}"
EndProject
Project("{9A19103F-16F7-4668-BE54-9A1E7A4F7556}") = "vetores09", "vetores09\vetores09.csproj", "{67D7B778-CE53-4489-AACD-6C7D24284B46}"
EndProject
Project("{FAE04EC0-301F-11D3-BF4B-00C04F79EFBC}") = "Aula63", "Aula63\Aula63.csproj", "{39491E9A-8D49-467A-8BCE-E2A343175155}"
EndProject
Project("{FAE04EC0-301F-11D3-BF4B-00C04F79EFBC}") = "Aula66", "Aula66\Aula66.csproj", "{A5850F15-2689-417C-9047-97326E9F39E7}"
EndProject
Project("{FAE04EC0-301F-11D3-BF4B-00C04F79EFBC}") = "Aula67", "Aula67\Aula67.csproj", "{93E77B92-FE79-4478-B387-D616ABFAC944}"
EndProject
Global
	GlobalSection(SolutionConfigurationPlatforms) = preSolution
		Debug|Any CPU = Debug|Any CPU
		Release|Any CPU = Release|Any CPU
	EndGlobalSection
	GlobalSection(ProjectConfigurationPlatforms) = postSolution
		{E65F6717-7EAF-4A10-BFA2-85EDDC44D144}.Debug|Any CPU.ActiveCfg = Debug|Any CPU
		{E65F6717-7EAF-4A10-BFA2-85EDDC44D144}.Debug|Any CPU.Build.0 = Debug|Any CPU
		{E65F6717-7EAF-4A10-BFA2-85EDDC44D144}.Release|Any CPU.ActiveCfg = Release|Any CPU
		{E65F6717-7EAF-4A10-BFA2-85EDDC44D144}.Release|Any CPU.Build.0 = Release|Any CPU
		{C99FC7B7-ED61-4351-95E6-E0A6379E26ED}.Debug|Any CPU.ActiveCfg = Debug|Any CPU
		{C99FC7B7-ED61-4351-95E6-E0A6379E26ED}.Debug|Any CPU.Build.0 = Debug|Any CPU
		{C99FC7B7-ED61-4351-95E6-E0A6379E26ED}.Release|Any CPU.ActiveCfg = Release|Any CPU
		{C99FC7B7-ED61-4351-95E6-E0A6379E26ED}.Release|Any CPU.Build.0 = Release|Any CPU
		{5F428EE8-E4FE-4D16-B197-562CE8872371}.Debug|Any CPU.ActiveCfg = Debug|Any CPU
		{5F428EE8-E4FE-4D16-B197-562CE8872371}.Debug|Any CPU.Build.0 = Debug|Any CPU
		{5F428EE8-E4FE-4D16-B197-562CE8872371}.Release|Any CPU.ActiveCfg = Release|Any CPU
		{5F428EE8-E4FE-4D16-B197-562CE8872371}.Release|Any CPU.Build.0 = Release|Any CPU
		{7DA5FC03-5A35-4B2C-8BB2-BDF5ECF83606}.Debug|Any CPU.ActiveCfg = Debug|Any CPU
		{7DA5FC03-5A35-4B2C-8BB2-BDF5ECF83606}.Debug|Any CPU.Build.0 = Debug|Any CPU
		{7DA5FC03-5A35-4B2C-8BB2-BDF5ECF83606}.Release|Any CPU.ActiveCfg = Release|Any CPU
		{7DA5FC03-5A35-4B2C-8BB2-BDF5ECF83606}.Release|Any CPU.Build.0 = Release|Any CPU
		{02883B49-D1A7-436E-9941-B17CFC349DF0}.Debug|Any CPU.ActiveCfg = Debug|Any CPU
		{02883B49-D1A7-436E-9941-B17CFC349DF0}.Debug|Any CPU.Build.0 = Debug|Any CPU
		{02883B49-D1A7-436E-9941-B17CFC349DF0}.Release|Any CPU.ActiveCfg = Release|Any CPU
		{02883B49-D1A7-436E-9941-B17CFC349DF0}.Release|Any CPU.Build.0 = Release|Any CPU
		{BAF34A40-0D8C-4B96-9121-15AC3D6C92DA}.Debug|Any CPU.ActiveCfg = Debug|Any CPU
		{BAF34A40-0D8C-4B96-9121-15AC3D6C92DA}.Debug|Any CPU.Build.0 = Debug|Any CPU
		{BAF34A40-0D8C-4B96-9121-15AC3D6C92DA}.Release|Any CPU.ActiveCfg = Release|Any CPU
		{BAF34A40-0D8C-4B96-9121-15AC3D6C92DA}.Release|Any CPU.Build.0 = Release|Any CPU
		{AF8F418E-F509-4724-9EBE-6884125D8EE4}.Debug|Any CPU.ActiveCfg = Debug|Any CPU
		{AF8F418E-F509-4724-9EBE-6884125D8EE4}.Debug|Any CPU.Build.0 = Debug|Any CPU
		{AF8F418E-F509-4724-9EBE-6884125D8EE4}.Release|Any CPU.ActiveCfg = Release|Any CPU
		{AF8F418E-F509-4724-9EBE-6884125D8EE4}.Release|Any CPU.Build.0 = Release|Any CPU
		{1C9345D7-2538-4ED3-9C71-A2921908E439}.Debug|Any CPU.ActiveCfg = Debug|Any CPU
		{1C9345D7-2538-4ED3-9C71-A2921908E439}.Debug|Any CPU.Build.0 = Debug|Any CPU
		{1C9345D7-2538-4ED3-9C71-A2921908E439}.Release|Any CPU.ActiveCfg = Release|Any CPU
		{1C9345D7-2538-4ED3-9C71-A2921908E439}.Release|Any CPU.Build.0 = Release|Any CPU
		{C511221F-3601-4046-AE1E-68C96BDB270B}.Debug|Any CPU.ActiveCfg = Debug|Any CPU
		{C511221F-3601-4046-AE1E-68C96BDB270B}.Debug|Any CPU.Build.0 = Debug|Any CPU
		{C511221F-3601-4046-AE1E-68C96BDB270B}.Release|Any CPU.ActiveCfg = Release|Any CPU
		{C511221F-3601-4046-AE1E-68C96BDB270B}.Release|Any CPU.Build.0 = Release|Any CPU
		{FF67E387-2ACA-470D-8E20-B6459BCD58C0}.Debug|Any CPU.ActiveCfg = Debug|Any CPU
		{FF67E387-2ACA-470D-8E20-B6459BCD58C0}.Debug|Any CPU.Build.0 = Debug|Any CPU
		{FF67E387-2ACA-470D-8E20-B6459BCD58C0}.Release|Any CPU.ActiveCfg = Release|Any CPU
		{FF67E387-2ACA-470D-8E20-B6459BCD58C0}.Release|Any CPU.Build.0 = Release|Any CPU
		{37FCBCD9-4701-44EC-BEF6-9019F698846A}.Debug|Any CPU.ActiveCfg = Debug|Any CPU
		{37FCBCD9-4701-44EC-BEF6-9019F698846A}.Debug|Any CPU.Build.0 = Debug|Any CPU
		{37FCBCD9-4701-44EC-BEF6-9019F698846A}.Release|Any CPU.ActiveCfg = Release|Any CPU
		{37FCBCD9-4701-44EC-BEF6-9019F698846A}.Release|Any CPU.Build.0 = Release|Any CPU
		{C6A06857-12F6-4037-A501-34D9F9304116}.Debug|Any CPU.ActiveCfg = Debug|Any CPU
		{C6A06857-12F6-4037-A501-34D9F9304116}.Debug|Any CPU.Build.0 = Debug|Any CPU
		{C6A06857-12F6-4037-A501-34D9F9304116}.Release|Any CPU.ActiveCfg = Release|Any CPU
		{C6A06857-12F6-4037-A501-34D9F9304116}.Release|Any CPU.Build.0 = Release|Any CPU
		{0B260841-0180-4855-9AC7-CB268797F547}.Debug|Any CPU.ActiveCfg = Debug|Any CPU
		{0B260841-0180-4855-9AC7-CB268797F547}.Debug|Any CPU.Build.0 = Debug|Any CPU
		{0B260841-0180-4855-9AC7-CB268797F547}.Release|Any CPU.ActiveCfg = Release|Any CPU
		{0B260841-0180-4855-9AC7-CB268797F547}.Release|Any CPU.Build.0 = Release|Any CPU
		{6F95F83E-AD83-4E44-92A5-D7D1F66FB9FA}.Debug|Any CPU.ActiveCfg = Debug|Any CPU
		{6F95F83E-AD83-4E44-92A5-D7D1F66FB9FA}.Debug|Any CPU.Build.0 = Debug|Any CPU
		{6F95F83E-AD83-4E44-92A5-D7D1F66FB9FA}.Release|Any CPU.ActiveCfg = Release|Any CPU
		{6F95F83E-AD83-4E44-92A5-D7D1F66FB9FA}.Release|Any CPU.Build.0 = Release|Any CPU
		{CE7EC894-B81E-4E42-A7A2-0424B9334443}.Debug|Any CPU.ActiveCfg = Debug|Any CPU
		{CE7EC894-B81E-4E42-A7A2-0424B9334443}.Debug|Any CPU.Build.0 = Debug|Any CPU
		{CE7EC894-B81E-4E42-A7A2-0424B9334443}.Release|Any CPU.ActiveCfg = Release|Any CPU
		{CE7EC894-B81E-4E42-A7A2-0424B9334443}.Release|Any CPU.Build.0 = Release|Any CPU
		{97ADBDA6-5552-4438-BA46-78C41CA2664F}.Debug|Any CPU.ActiveCfg = Debug|Any CPU
		{97ADBDA6-5552-4438-BA46-78C41CA2664F}.Debug|Any CPU.Build.0 = Debug|Any CPU
		{97ADBDA6-5552-4438-BA46-78C41CA2664F}.Release|Any CPU.ActiveCfg = Release|Any CPU
		{97ADBDA6-5552-4438-BA46-78C41CA2664F}.Release|Any CPU.Build.0 = Release|Any CPU
		{BF2857DE-407D-4136-90D4-7B19C34EF1BE}.Debug|Any CPU.ActiveCfg = Debug|Any CPU
		{BF2857DE-407D-4136-90D4-7B19C34EF1BE}.Debug|Any CPU.Build.0 = Debug|Any CPU
		{BF2857DE-407D-4136-90D4-7B19C34EF1BE}.Release|Any CPU.ActiveCfg = Release|Any CPU
		{BF2857DE-407D-4136-90D4-7B19C34EF1BE}.Release|Any CPU.Build.0 = Release|Any CPU
		{E6F82B6E-B60A-423C-B7DC-1608FD965DCE}.Debug|Any CPU.ActiveCfg = Debug|Any CPU
		{E6F82B6E-B60A-423C-B7DC-1608FD965DCE}.Debug|Any CPU.Build.0 = Debug|Any CPU
		{E6F82B6E-B60A-423C-B7DC-1608FD965DCE}.Release|Any CPU.ActiveCfg = Release|Any CPU
		{E6F82B6E-B60A-423C-B7DC-1608FD965DCE}.Release|Any CPU.Build.0 = Release|Any CPU
		{8924FFA4-105D-45B0-A053-B7AA84E0344F}.Debug|Any CPU.ActiveCfg = Debug|Any CPU
		{8924FFA4-105D-45B0-A053-B7AA84E0344F}.Debug|Any CPU.Build.0 = Debug|Any CPU
		{8924FFA4-105D-45B0-A053-B7AA84E0344F}.Release|Any CPU.ActiveCfg = Release|Any CPU
		{8924FFA4-105D-45B0-A053-B7AA84E0344F}.Release|Any CPU.Build.0 = Release|Any CPU
		{72147657-0258-46B6-9483-A3E71EFAF4A8}.Debug|Any CPU.ActiveCfg = Debug|Any CPU
		{72147657-0258-46B6-9483-A3E71EFAF4A8}.Debug|Any CPU.Build.0 = Debug|Any CPU
		{72147657-0258-46B6-9483-A3E71EFAF4A8}.Release|Any CPU.ActiveCfg = Release|Any CPU
		{72147657-0258-46B6-9483-A3E71EFAF4A8}.Release|Any CPU.Build.0 = Release|Any CPU
		{2B8FE4C8-CFA9-425D-ACDD-D71210470B77}.Debug|Any CPU.ActiveCfg = Debug|Any CPU
		{2B8FE4C8-CFA9-425D-ACDD-D71210470B77}.Debug|Any CPU.Build.0 = Debug|Any CPU
		{2B8FE4C8-CFA9-425D-ACDD-D71210470B77}.Release|Any CPU.ActiveCfg = Release|Any CPU
		{2B8FE4C8-CFA9-425D-ACDD-D71210470B77}.Release|Any CPU.Build.0 = Release|Any CPU
		{7E8A9829-E4AB-494E-B626-F6200074FEF0}.Debug|Any CPU.ActiveCfg = Debug|Any CPU
		{7E8A9829-E4AB-494E-B626-F6200074FEF0}.Debug|Any CPU.Build.0 = Debug|Any CPU
		{7E8A9829-E4AB-494E-B626-F6200074FEF0}.Release|Any CPU.ActiveCfg = Release|Any CPU
		{7E8A9829-E4AB-494E-B626-F6200074FEF0}.Release|Any CPU.Build.0 = Release|Any CPU
		{079265E3-FE07-40F8-96D8-6F8A3C442320}.Debug|Any CPU.ActiveCfg = Debug|Any CPU
		{079265E3-FE07-40F8-96D8-6F8A3C442320}.Debug|Any CPU.Build.0 = Debug|Any CPU
		{079265E3-FE07-40F8-96D8-6F8A3C442320}.Release|Any CPU.ActiveCfg = Release|Any CPU
		{079265E3-FE07-40F8-96D8-6F8A3C442320}.Release|Any CPU.Build.0 = Release|Any CPU
		{010DF578-7222-4097-9F6A-5EA1C2EE71B7}.Debug|Any CPU.ActiveCfg = Debug|Any CPU
		{010DF578-7222-4097-9F6A-5EA1C2EE71B7}.Debug|Any CPU.Build.0 = Debug|Any CPU
		{010DF578-7222-4097-9F6A-5EA1C2EE71B7}.Release|Any CPU.ActiveCfg = Release|Any CPU
		{010DF578-7222-4097-9F6A-5EA1C2EE71B7}.Release|Any CPU.Build.0 = Release|Any CPU
		{0D865C94-D074-47B3-95FE-AC2D939D5CCF}.Debug|Any CPU.ActiveCfg = Debug|Any CPU
		{0D865C94-D074-47B3-95FE-AC2D939D5CCF}.Debug|Any CPU.Build.0 = Debug|Any CPU
		{0D865C94-D074-47B3-95FE-AC2D939D5CCF}.Release|Any CPU.ActiveCfg = Release|Any CPU
		{0D865C94-D074-47B3-95FE-AC2D939D5CCF}.Release|Any CPU.Build.0 = Release|Any CPU
		{B0E9674C-398E-4BA4-8F6E-56FBAC933190}.Debug|Any CPU.ActiveCfg = Debug|Any CPU
		{B0E9674C-398E-4BA4-8F6E-56FBAC933190}.Debug|Any CPU.Build.0 = Debug|Any CPU
		{B0E9674C-398E-4BA4-8F6E-56FBAC933190}.Release|Any CPU.ActiveCfg = Release|Any CPU
		{B0E9674C-398E-4BA4-8F6E-56FBAC933190}.Release|Any CPU.Build.0 = Release|Any CPU
		{CF1EF0E3-00E2-4DC3-8C11-4B69021B621A}.Debug|Any CPU.ActiveCfg = Debug|Any CPU
		{CF1EF0E3-00E2-4DC3-8C11-4B69021B621A}.Debug|Any CPU.Build.0 = Debug|Any CPU
		{CF1EF0E3-00E2-4DC3-8C11-4B69021B621A}.Release|Any CPU.ActiveCfg = Release|Any CPU
		{CF1EF0E3-00E2-4DC3-8C11-4B69021B621A}.Release|Any CPU.Build.0 = Release|Any CPU
		{63DC61B7-EA1F-4879-8666-3B6112FD1698}.Debug|Any CPU.ActiveCfg = Debug|Any CPU
		{63DC61B7-EA1F-4879-8666-3B6112FD1698}.Debug|Any CPU.Build.0 = Debug|Any CPU
		{63DC61B7-EA1F-4879-8666-3B6112FD1698}.Release|Any CPU.ActiveCfg = Release|Any CPU
		{63DC61B7-EA1F-4879-8666-3B6112FD1698}.Release|Any CPU.Build.0 = Release|Any CPU
		{0C210BD2-E614-43E4-9E53-E6419597F00E}.Debug|Any CPU.ActiveCfg = Debug|Any CPU
		{0C210BD2-E614-43E4-9E53-E6419597F00E}.Debug|Any CPU.Build.0 = Debug|Any CPU
		{0C210BD2-E614-43E4-9E53-E6419597F00E}.Release|Any CPU.ActiveCfg = Release|Any CPU
		{0C210BD2-E614-43E4-9E53-E6419597F00E}.Release|Any CPU.Build.0 = Release|Any CPU
		{806DF0B3-A856-41ED-AA99-6340B8C4CA58}.Debug|Any CPU.ActiveCfg = Debug|Any CPU
		{806DF0B3-A856-41ED-AA99-6340B8C4CA58}.Debug|Any CPU.Build.0 = Debug|Any CPU
		{806DF0B3-A856-41ED-AA99-6340B8C4CA58}.Release|Any CPU.ActiveCfg = Release|Any CPU
		{806DF0B3-A856-41ED-AA99-6340B8C4CA58}.Release|Any CPU.Build.0 = Release|Any CPU
		{F3A97148-1442-44D9-B653-A637ED3C5643}.Debug|Any CPU.ActiveCfg = Debug|Any CPU
		{F3A97148-1442-44D9-B653-A637ED3C5643}.Debug|Any CPU.Build.0 = Debug|Any CPU
		{F3A97148-1442-44D9-B653-A637ED3C5643}.Release|Any CPU.ActiveCfg = Release|Any CPU
		{F3A97148-1442-44D9-B653-A637ED3C5643}.Release|Any CPU.Build.0 = Release|Any CPU
		{A535E31E-5427-40CA-9448-EF0919D00ADA}.Debug|Any CPU.ActiveCfg = Debug|Any CPU
		{A535E31E-5427-40CA-9448-EF0919D00ADA}.Debug|Any CPU.Build.0 = Debug|Any CPU
		{A535E31E-5427-40CA-9448-EF0919D00ADA}.Release|Any CPU.ActiveCfg = Release|Any CPU
		{A535E31E-5427-40CA-9448-EF0919D00ADA}.Release|Any CPU.Build.0 = Release|Any CPU
		{66E861E6-A813-44BE-BB9D-F56D50492923}.Debug|Any CPU.ActiveCfg = Debug|Any CPU
		{66E861E6-A813-44BE-BB9D-F56D50492923}.Debug|Any CPU.Build.0 = Debug|Any CPU
		{66E861E6-A813-44BE-BB9D-F56D50492923}.Release|Any CPU.ActiveCfg = Release|Any CPU
		{66E861E6-A813-44BE-BB9D-F56D50492923}.Release|Any CPU.Build.0 = Release|Any CPU
		{7D8B9933-A6C9-408D-8ED1-63CBB520AFA1}.Debug|Any CPU.ActiveCfg = Debug|Any CPU
		{7D8B9933-A6C9-408D-8ED1-63CBB520AFA1}.Debug|Any CPU.Build.0 = Debug|Any CPU
		{7D8B9933-A6C9-408D-8ED1-63CBB520AFA1}.Release|Any CPU.ActiveCfg = Release|Any CPU
		{7D8B9933-A6C9-408D-8ED1-63CBB520AFA1}.Release|Any CPU.Build.0 = Release|Any CPU
		{242ABA57-A7A7-4545-9C1E-89C317AFEEB5}.Debug|Any CPU.ActiveCfg = Debug|Any CPU
		{242ABA57-A7A7-4545-9C1E-89C317AFEEB5}.Debug|Any CPU.Build.0 = Debug|Any CPU
		{242ABA57-A7A7-4545-9C1E-89C317AFEEB5}.Release|Any CPU.ActiveCfg = Release|Any CPU
		{242ABA57-A7A7-4545-9C1E-89C317AFEEB5}.Release|Any CPU.Build.0 = Release|Any CPU
		{DBEA370D-4C89-41D0-B35E-64AB391EC2E3}.Debug|Any CPU.ActiveCfg = Debug|Any CPU
		{DBEA370D-4C89-41D0-B35E-64AB391EC2E3}.Debug|Any CPU.Build.0 = Debug|Any CPU
		{DBEA370D-4C89-41D0-B35E-64AB391EC2E3}.Release|Any CPU.ActiveCfg = Release|Any CPU
		{DBEA370D-4C89-41D0-B35E-64AB391EC2E3}.Release|Any CPU.Build.0 = Release|Any CPU
		{79973C63-2493-4319-8545-24EE7BA9A78E}.Debug|Any CPU.ActiveCfg = Debug|Any CPU
		{79973C63-2493-4319-8545-24EE7BA9A78E}.Debug|Any CPU.Build.0 = Debug|Any CPU
		{79973C63-2493-4319-8545-24EE7BA9A78E}.Release|Any CPU.ActiveCfg = Release|Any CPU
		{79973C63-2493-4319-8545-24EE7BA9A78E}.Release|Any CPU.Build.0 = Release|Any CPU
		{05980041-6D61-43AE-8111-02C9FD7E135A}.Debug|Any CPU.ActiveCfg = Debug|Any CPU
		{05980041-6D61-43AE-8111-02C9FD7E135A}.Debug|Any CPU.Build.0 = Debug|Any CPU
		{05980041-6D61-43AE-8111-02C9FD7E135A}.Release|Any CPU.ActiveCfg = Release|Any CPU
		{05980041-6D61-43AE-8111-02C9FD7E135A}.Release|Any CPU.Build.0 = Release|Any CPU
		{269A0EB8-EC5B-4528-B578-05719244206A}.Debug|Any CPU.ActiveCfg = Debug|Any CPU
		{269A0EB8-EC5B-4528-B578-05719244206A}.Debug|Any CPU.Build.0 = Debug|Any CPU
		{269A0EB8-EC5B-4528-B578-05719244206A}.Release|Any CPU.ActiveCfg = Release|Any CPU
		{269A0EB8-EC5B-4528-B578-05719244206A}.Release|Any CPU.Build.0 = Release|Any CPU
		{526E787F-AC9A-4C68-8C00-C84C3F551B2B}.Debug|Any CPU.ActiveCfg = Debug|Any CPU
		{526E787F-AC9A-4C68-8C00-C84C3F551B2B}.Debug|Any CPU.Build.0 = Debug|Any CPU
		{526E787F-AC9A-4C68-8C00-C84C3F551B2B}.Release|Any CPU.ActiveCfg = Release|Any CPU
		{526E787F-AC9A-4C68-8C00-C84C3F551B2B}.Release|Any CPU.Build.0 = Release|Any CPU
		{0CA88CBF-EACE-41B3-86D5-088B66BF591E}.Debug|Any CPU.ActiveCfg = Debug|Any CPU
		{0CA88CBF-EACE-41B3-86D5-088B66BF591E}.Debug|Any CPU.Build.0 = Debug|Any CPU
		{0CA88CBF-EACE-41B3-86D5-088B66BF591E}.Release|Any CPU.ActiveCfg = Release|Any CPU
		{0CA88CBF-EACE-41B3-86D5-088B66BF591E}.Release|Any CPU.Build.0 = Release|Any CPU
		{14E19B4A-8E66-4C3A-AA03-469092C34C8B}.Debug|Any CPU.ActiveCfg = Debug|Any CPU
		{14E19B4A-8E66-4C3A-AA03-469092C34C8B}.Debug|Any CPU.Build.0 = Debug|Any CPU
		{14E19B4A-8E66-4C3A-AA03-469092C34C8B}.Release|Any CPU.ActiveCfg = Release|Any CPU
		{14E19B4A-8E66-4C3A-AA03-469092C34C8B}.Release|Any CPU.Build.0 = Release|Any CPU
		{BB54DF1A-DAF9-4F0B-9F46-3867D639B1A4}.Debug|Any CPU.ActiveCfg = Debug|Any CPU
		{BB54DF1A-DAF9-4F0B-9F46-3867D639B1A4}.Debug|Any CPU.Build.0 = Debug|Any CPU
		{BB54DF1A-DAF9-4F0B-9F46-3867D639B1A4}.Release|Any CPU.ActiveCfg = Release|Any CPU
		{BB54DF1A-DAF9-4F0B-9F46-3867D639B1A4}.Release|Any CPU.Build.0 = Release|Any CPU
		{75882BAD-B387-49DB-806A-D153F4322049}.Debug|Any CPU.ActiveCfg = Debug|Any CPU
		{75882BAD-B387-49DB-806A-D153F4322049}.Debug|Any CPU.Build.0 = Debug|Any CPU
		{75882BAD-B387-49DB-806A-D153F4322049}.Release|Any CPU.ActiveCfg = Release|Any CPU
		{75882BAD-B387-49DB-806A-D153F4322049}.Release|Any CPU.Build.0 = Release|Any CPU
		{99DC3F44-7694-432B-A75B-B3BA339ACC41}.Debug|Any CPU.ActiveCfg = Debug|Any CPU
		{99DC3F44-7694-432B-A75B-B3BA339ACC41}.Debug|Any CPU.Build.0 = Debug|Any CPU
		{99DC3F44-7694-432B-A75B-B3BA339ACC41}.Release|Any CPU.ActiveCfg = Release|Any CPU
		{99DC3F44-7694-432B-A75B-B3BA339ACC41}.Release|Any CPU.Build.0 = Release|Any CPU
		{7DB3B816-1317-4FB1-9C47-E498D306AF44}.Debug|Any CPU.ActiveCfg = Debug|Any CPU
		{7DB3B816-1317-4FB1-9C47-E498D306AF44}.Debug|Any CPU.Build.0 = Debug|Any CPU
		{7DB3B816-1317-4FB1-9C47-E498D306AF44}.Release|Any CPU.ActiveCfg = Release|Any CPU
		{7DB3B816-1317-4FB1-9C47-E498D306AF44}.Release|Any CPU.Build.0 = Release|Any CPU
		{0E7D5EFF-FE10-415F-B691-8330776DE954}.Debug|Any CPU.ActiveCfg = Debug|Any CPU
		{0E7D5EFF-FE10-415F-B691-8330776DE954}.Debug|Any CPU.Build.0 = Debug|Any CPU
		{0E7D5EFF-FE10-415F-B691-8330776DE954}.Release|Any CPU.ActiveCfg = Release|Any CPU
		{0E7D5EFF-FE10-415F-B691-8330776DE954}.Release|Any CPU.Build.0 = Release|Any CPU
		{B8CB5C56-D4F3-418B-BEEA-536715B913FD}.Debug|Any CPU.ActiveCfg = Debug|Any CPU
		{B8CB5C56-D4F3-418B-BEEA-536715B913FD}.Debug|Any CPU.Build.0 = Debug|Any CPU
		{B8CB5C56-D4F3-418B-BEEA-536715B913FD}.Release|Any CPU.ActiveCfg = Release|Any CPU
		{B8CB5C56-D4F3-418B-BEEA-536715B913FD}.Release|Any CPU.Build.0 = Release|Any CPU
		{96DE0D46-34BE-4610-A69A-1DF96FC8FA25}.Debug|Any CPU.ActiveCfg = Debug|Any CPU
		{96DE0D46-34BE-4610-A69A-1DF96FC8FA25}.Debug|Any CPU.Build.0 = Debug|Any CPU
		{96DE0D46-34BE-4610-A69A-1DF96FC8FA25}.Release|Any CPU.ActiveCfg = Release|Any CPU
		{96DE0D46-34BE-4610-A69A-1DF96FC8FA25}.Release|Any CPU.Build.0 = Release|Any CPU
		{CDF00817-3852-41F3-8D15-C162418671A5}.Debug|Any CPU.ActiveCfg = Debug|Any CPU
		{CDF00817-3852-41F3-8D15-C162418671A5}.Debug|Any CPU.Build.0 = Debug|Any CPU
		{CDF00817-3852-41F3-8D15-C162418671A5}.Release|Any CPU.ActiveCfg = Release|Any CPU
		{CDF00817-3852-41F3-8D15-C162418671A5}.Release|Any CPU.Build.0 = Release|Any CPU
		{6C91FCDC-808D-4764-9198-B3FCBA25F2A9}.Debug|Any CPU.ActiveCfg = Debug|Any CPU
		{6C91FCDC-808D-4764-9198-B3FCBA25F2A9}.Debug|Any CPU.Build.0 = Debug|Any CPU
		{6C91FCDC-808D-4764-9198-B3FCBA25F2A9}.Release|Any CPU.ActiveCfg = Release|Any CPU
		{6C91FCDC-808D-4764-9198-B3FCBA25F2A9}.Release|Any CPU.Build.0 = Release|Any CPU
		{B5409483-FF52-458E-8D7F-EA1C5B267260}.Debug|Any CPU.ActiveCfg = Debug|Any CPU
		{B5409483-FF52-458E-8D7F-EA1C5B267260}.Debug|Any CPU.Build.0 = Debug|Any CPU
		{B5409483-FF52-458E-8D7F-EA1C5B267260}.Release|Any CPU.ActiveCfg = Release|Any CPU
		{B5409483-FF52-458E-8D7F-EA1C5B267260}.Release|Any CPU.Build.0 = Release|Any CPU
		{498EF08B-055F-4BC2-9750-36AA4FD9869E}.Debug|Any CPU.ActiveCfg = Debug|Any CPU
		{498EF08B-055F-4BC2-9750-36AA4FD9869E}.Debug|Any CPU.Build.0 = Debug|Any CPU
		{498EF08B-055F-4BC2-9750-36AA4FD9869E}.Release|Any CPU.ActiveCfg = Release|Any CPU
		{498EF08B-055F-4BC2-9750-36AA4FD9869E}.Release|Any CPU.Build.0 = Release|Any CPU
		{7239C634-EF7B-486C-A6AE-09CA94B0CFDF}.Debug|Any CPU.ActiveCfg = Debug|Any CPU
		{7239C634-EF7B-486C-A6AE-09CA94B0CFDF}.Debug|Any CPU.Build.0 = Debug|Any CPU
		{7239C634-EF7B-486C-A6AE-09CA94B0CFDF}.Release|Any CPU.ActiveCfg = Release|Any CPU
		{7239C634-EF7B-486C-A6AE-09CA94B0CFDF}.Release|Any CPU.Build.0 = Release|Any CPU
		{F18B408A-8E2F-4CDD-96D6-60BAD017613F}.Debug|Any CPU.ActiveCfg = Debug|Any CPU
		{F18B408A-8E2F-4CDD-96D6-60BAD017613F}.Debug|Any CPU.Build.0 = Debug|Any CPU
		{F18B408A-8E2F-4CDD-96D6-60BAD017613F}.Release|Any CPU.ActiveCfg = Release|Any CPU
		{F18B408A-8E2F-4CDD-96D6-60BAD017613F}.Release|Any CPU.Build.0 = Release|Any CPU
		{BC3B661B-20C5-4085-BA01-6E9FFD226C80}.Debug|Any CPU.ActiveCfg = Debug|Any CPU
		{BC3B661B-20C5-4085-BA01-6E9FFD226C80}.Debug|Any CPU.Build.0 = Debug|Any CPU
		{BC3B661B-20C5-4085-BA01-6E9FFD226C80}.Release|Any CPU.ActiveCfg = Release|Any CPU
		{BC3B661B-20C5-4085-BA01-6E9FFD226C80}.Release|Any CPU.Build.0 = Release|Any CPU
		{032D93CD-C1F3-43FE-A087-E5944CF38CD1}.Debug|Any CPU.ActiveCfg = Debug|Any CPU
		{032D93CD-C1F3-43FE-A087-E5944CF38CD1}.Debug|Any CPU.Build.0 = Debug|Any CPU
		{032D93CD-C1F3-43FE-A087-E5944CF38CD1}.Release|Any CPU.ActiveCfg = Release|Any CPU
		{032D93CD-C1F3-43FE-A087-E5944CF38CD1}.Release|Any CPU.Build.0 = Release|Any CPU
		{1D483028-A358-4393-BDF4-D16DB8984E3A}.Debug|Any CPU.ActiveCfg = Debug|Any CPU
		{1D483028-A358-4393-BDF4-D16DB8984E3A}.Debug|Any CPU.Build.0 = Debug|Any CPU
		{1D483028-A358-4393-BDF4-D16DB8984E3A}.Release|Any CPU.ActiveCfg = Release|Any CPU
		{1D483028-A358-4393-BDF4-D16DB8984E3A}.Release|Any CPU.Build.0 = Release|Any CPU
		{5CD08C39-7D2A-4DF1-8DEE-4A4025C77EFE}.Debug|Any CPU.ActiveCfg = Debug|Any CPU
		{5CD08C39-7D2A-4DF1-8DEE-4A4025C77EFE}.Debug|Any CPU.Build.0 = Debug|Any CPU
		{5CD08C39-7D2A-4DF1-8DEE-4A4025C77EFE}.Release|Any CPU.ActiveCfg = Release|Any CPU
		{5CD08C39-7D2A-4DF1-8DEE-4A4025C77EFE}.Release|Any CPU.Build.0 = Release|Any CPU
		{C02280C7-C700-4CAE-AB92-2F530EAF7A51}.Debug|Any CPU.ActiveCfg = Debug|Any CPU
		{C02280C7-C700-4CAE-AB92-2F530EAF7A51}.Debug|Any CPU.Build.0 = Debug|Any CPU
		{C02280C7-C700-4CAE-AB92-2F530EAF7A51}.Release|Any CPU.ActiveCfg = Release|Any CPU
		{C02280C7-C700-4CAE-AB92-2F530EAF7A51}.Release|Any CPU.Build.0 = Release|Any CPU
		{75A3DE24-2B2C-471E-A588-6D10AE86BE37}.Debug|Any CPU.ActiveCfg = Debug|Any CPU
		{75A3DE24-2B2C-471E-A588-6D10AE86BE37}.Debug|Any CPU.Build.0 = Debug|Any CPU
		{75A3DE24-2B2C-471E-A588-6D10AE86BE37}.Release|Any CPU.ActiveCfg = Release|Any CPU
		{75A3DE24-2B2C-471E-A588-6D10AE86BE37}.Release|Any CPU.Build.0 = Release|Any CPU
		{0EEFECCB-253C-45FF-997B-A4606D345978}.Debug|Any CPU.ActiveCfg = Debug|Any CPU
		{0EEFECCB-253C-45FF-997B-A4606D345978}.Debug|Any CPU.Build.0 = Debug|Any CPU
		{0EEFECCB-253C-45FF-997B-A4606D345978}.Release|Any CPU.ActiveCfg = Release|Any CPU
		{0EEFECCB-253C-45FF-997B-A4606D345978}.Release|Any CPU.Build.0 = Release|Any CPU
		{487DE669-B826-4041-8477-3E2C8AF9D8D7}.Debug|Any CPU.ActiveCfg = Debug|Any CPU
		{487DE669-B826-4041-8477-3E2C8AF9D8D7}.Debug|Any CPU.Build.0 = Debug|Any CPU
		{487DE669-B826-4041-8477-3E2C8AF9D8D7}.Release|Any CPU.ActiveCfg = Release|Any CPU
		{487DE669-B826-4041-8477-3E2C8AF9D8D7}.Release|Any CPU.Build.0 = Release|Any CPU
		{4378FED3-61A7-4D40-90C7-016C08F508B9}.Debug|Any CPU.ActiveCfg = Debug|Any CPU
		{4378FED3-61A7-4D40-90C7-016C08F508B9}.Debug|Any CPU.Build.0 = Debug|Any CPU
		{4378FED3-61A7-4D40-90C7-016C08F508B9}.Release|Any CPU.ActiveCfg = Release|Any CPU
		{4378FED3-61A7-4D40-90C7-016C08F508B9}.Release|Any CPU.Build.0 = Release|Any CPU
		{3D96E896-2494-4657-B4BB-1D632D8C92F6}.Debug|Any CPU.ActiveCfg = Debug|Any CPU
		{3D96E896-2494-4657-B4BB-1D632D8C92F6}.Debug|Any CPU.Build.0 = Debug|Any CPU
		{3D96E896-2494-4657-B4BB-1D632D8C92F6}.Release|Any CPU.ActiveCfg = Release|Any CPU
		{3D96E896-2494-4657-B4BB-1D632D8C92F6}.Release|Any CPU.Build.0 = Release|Any CPU
		{450F0D3A-F76A-4172-9285-9027B6BD65F8}.Debug|Any CPU.ActiveCfg = Debug|Any CPU
		{450F0D3A-F76A-4172-9285-9027B6BD65F8}.Debug|Any CPU.Build.0 = Debug|Any CPU
		{450F0D3A-F76A-4172-9285-9027B6BD65F8}.Release|Any CPU.ActiveCfg = Release|Any CPU
		{450F0D3A-F76A-4172-9285-9027B6BD65F8}.Release|Any CPU.Build.0 = Release|Any CPU
		{8FA84BCC-A074-46F8-91F8-00C9115B5196}.Debug|Any CPU.ActiveCfg = Debug|Any CPU
		{8FA84BCC-A074-46F8-91F8-00C9115B5196}.Debug|Any CPU.Build.0 = Debug|Any CPU
		{8FA84BCC-A074-46F8-91F8-00C9115B5196}.Release|Any CPU.ActiveCfg = Release|Any CPU
		{8FA84BCC-A074-46F8-91F8-00C9115B5196}.Release|Any CPU.Build.0 = Release|Any CPU
		{7E2DD765-0BA3-4158-86DF-EBD0A6009815}.Debug|Any CPU.ActiveCfg = Debug|Any CPU
		{7E2DD765-0BA3-4158-86DF-EBD0A6009815}.Debug|Any CPU.Build.0 = Debug|Any CPU
		{7E2DD765-0BA3-4158-86DF-EBD0A6009815}.Release|Any CPU.ActiveCfg = Release|Any CPU
		{7E2DD765-0BA3-4158-86DF-EBD0A6009815}.Release|Any CPU.Build.0 = Release|Any CPU
		{DFB3C789-99B0-45A7-9F91-BDCFF79922AA}.Debug|Any CPU.ActiveCfg = Debug|Any CPU
		{DFB3C789-99B0-45A7-9F91-BDCFF79922AA}.Debug|Any CPU.Build.0 = Debug|Any CPU
		{DFB3C789-99B0-45A7-9F91-BDCFF79922AA}.Release|Any CPU.ActiveCfg = Release|Any CPU
		{DFB3C789-99B0-45A7-9F91-BDCFF79922AA}.Release|Any CPU.Build.0 = Release|Any CPU
		{DB11A2FA-F02A-46BE-A8A6-BFB98BAEF4A9}.Debug|Any CPU.ActiveCfg = Debug|Any CPU
		{DB11A2FA-F02A-46BE-A8A6-BFB98BAEF4A9}.Debug|Any CPU.Build.0 = Debug|Any CPU
		{DB11A2FA-F02A-46BE-A8A6-BFB98BAEF4A9}.Release|Any CPU.ActiveCfg = Release|Any CPU
		{DB11A2FA-F02A-46BE-A8A6-BFB98BAEF4A9}.Release|Any CPU.Build.0 = Release|Any CPU
		{632CB4F7-4734-4516-8856-BAED12ADA2AD}.Debug|Any CPU.ActiveCfg = Debug|Any CPU
		{632CB4F7-4734-4516-8856-BAED12ADA2AD}.Debug|Any CPU.Build.0 = Debug|Any CPU
		{632CB4F7-4734-4516-8856-BAED12ADA2AD}.Release|Any CPU.ActiveCfg = Release|Any CPU
		{632CB4F7-4734-4516-8856-BAED12ADA2AD}.Release|Any CPU.Build.0 = Release|Any CPU
		{CAB5EFF3-D8A6-4C76-8DA0-ECAA9B6A6112}.Debug|Any CPU.ActiveCfg = Debug|Any CPU
		{CAB5EFF3-D8A6-4C76-8DA0-ECAA9B6A6112}.Debug|Any CPU.Build.0 = Debug|Any CPU
		{CAB5EFF3-D8A6-4C76-8DA0-ECAA9B6A6112}.Release|Any CPU.ActiveCfg = Release|Any CPU
		{CAB5EFF3-D8A6-4C76-8DA0-ECAA9B6A6112}.Release|Any CPU.Build.0 = Release|Any CPU
		{15645B83-8C32-4134-87E4-A9FCC6C6C5E7}.Debug|Any CPU.ActiveCfg = Debug|Any CPU
		{15645B83-8C32-4134-87E4-A9FCC6C6C5E7}.Debug|Any CPU.Build.0 = Debug|Any CPU
		{15645B83-8C32-4134-87E4-A9FCC6C6C5E7}.Release|Any CPU.ActiveCfg = Release|Any CPU
		{15645B83-8C32-4134-87E4-A9FCC6C6C5E7}.Release|Any CPU.Build.0 = Release|Any CPU
		{A15B352A-51DE-43C2-9DDD-767F73AB72C3}.Debug|Any CPU.ActiveCfg = Debug|Any CPU
		{A15B352A-51DE-43C2-9DDD-767F73AB72C3}.Debug|Any CPU.Build.0 = Debug|Any CPU
		{A15B352A-51DE-43C2-9DDD-767F73AB72C3}.Release|Any CPU.ActiveCfg = Release|Any CPU
		{A15B352A-51DE-43C2-9DDD-767F73AB72C3}.Release|Any CPU.Build.0 = Release|Any CPU
		{4E18B17A-CAB7-4888-BE9A-9BF3BD366B1C}.Debug|Any CPU.ActiveCfg = Debug|Any CPU
		{4E18B17A-CAB7-4888-BE9A-9BF3BD366B1C}.Debug|Any CPU.Build.0 = Debug|Any CPU
		{4E18B17A-CAB7-4888-BE9A-9BF3BD366B1C}.Release|Any CPU.ActiveCfg = Release|Any CPU
		{4E18B17A-CAB7-4888-BE9A-9BF3BD366B1C}.Release|Any CPU.Build.0 = Release|Any CPU
		{633B55ED-E750-4C6F-B36B-6A1C826E7CD1}.Debug|Any CPU.ActiveCfg = Debug|Any CPU
		{633B55ED-E750-4C6F-B36B-6A1C826E7CD1}.Debug|Any CPU.Build.0 = Debug|Any CPU
		{633B55ED-E750-4C6F-B36B-6A1C826E7CD1}.Release|Any CPU.ActiveCfg = Release|Any CPU
		{633B55ED-E750-4C6F-B36B-6A1C826E7CD1}.Release|Any CPU.Build.0 = Release|Any CPU
		{52F21CE6-62DB-4B93-AB59-B6616C764DA4}.Debug|Any CPU.ActiveCfg = Debug|Any CPU
		{52F21CE6-62DB-4B93-AB59-B6616C764DA4}.Debug|Any CPU.Build.0 = Debug|Any CPU
		{52F21CE6-62DB-4B93-AB59-B6616C764DA4}.Release|Any CPU.ActiveCfg = Release|Any CPU
		{52F21CE6-62DB-4B93-AB59-B6616C764DA4}.Release|Any CPU.Build.0 = Release|Any CPU
		{434E41CB-2514-43EF-9A15-A9C8856782E4}.Debug|Any CPU.ActiveCfg = Debug|Any CPU
		{434E41CB-2514-43EF-9A15-A9C8856782E4}.Debug|Any CPU.Build.0 = Debug|Any CPU
		{434E41CB-2514-43EF-9A15-A9C8856782E4}.Release|Any CPU.ActiveCfg = Release|Any CPU
		{434E41CB-2514-43EF-9A15-A9C8856782E4}.Release|Any CPU.Build.0 = Release|Any CPU
		{77DAB1E1-59BB-4349-B714-B5E60CCBF43F}.Debug|Any CPU.ActiveCfg = Debug|Any CPU
		{77DAB1E1-59BB-4349-B714-B5E60CCBF43F}.Debug|Any CPU.Build.0 = Debug|Any CPU
		{77DAB1E1-59BB-4349-B714-B5E60CCBF43F}.Release|Any CPU.ActiveCfg = Release|Any CPU
		{77DAB1E1-59BB-4349-B714-B5E60CCBF43F}.Release|Any CPU.Build.0 = Release|Any CPU
		{449D2091-3AFD-4399-A003-45D07FA5B157}.Debug|Any CPU.ActiveCfg = Debug|Any CPU
		{449D2091-3AFD-4399-A003-45D07FA5B157}.Debug|Any CPU.Build.0 = Debug|Any CPU
		{449D2091-3AFD-4399-A003-45D07FA5B157}.Release|Any CPU.ActiveCfg = Release|Any CPU
		{449D2091-3AFD-4399-A003-45D07FA5B157}.Release|Any CPU.Build.0 = Release|Any CPU
		{A446E37D-2BED-42FD-AE92-2DBA29479533}.Debug|Any CPU.ActiveCfg = Debug|Any CPU
		{A446E37D-2BED-42FD-AE92-2DBA29479533}.Debug|Any CPU.Build.0 = Debug|Any CPU
		{A446E37D-2BED-42FD-AE92-2DBA29479533}.Release|Any CPU.ActiveCfg = Release|Any CPU
		{A446E37D-2BED-42FD-AE92-2DBA29479533}.Release|Any CPU.Build.0 = Release|Any CPU
		{695B14B1-7758-468C-BAED-84A5DEAF5CC1}.Debug|Any CPU.ActiveCfg = Debug|Any CPU
		{695B14B1-7758-468C-BAED-84A5DEAF5CC1}.Debug|Any CPU.Build.0 = Debug|Any CPU
		{695B14B1-7758-468C-BAED-84A5DEAF5CC1}.Release|Any CPU.ActiveCfg = Release|Any CPU
		{695B14B1-7758-468C-BAED-84A5DEAF5CC1}.Release|Any CPU.Build.0 = Release|Any CPU
		{7F42D630-7043-46A0-A9CC-224B69A9A62C}.Debug|Any CPU.ActiveCfg = Debug|Any CPU
		{7F42D630-7043-46A0-A9CC-224B69A9A62C}.Debug|Any CPU.Build.0 = Debug|Any CPU
		{7F42D630-7043-46A0-A9CC-224B69A9A62C}.Release|Any CPU.ActiveCfg = Release|Any CPU
		{7F42D630-7043-46A0-A9CC-224B69A9A62C}.Release|Any CPU.Build.0 = Release|Any CPU
		{A64B10DE-86D8-4292-AE45-749B6CCDFCC3}.Debug|Any CPU.ActiveCfg = Debug|Any CPU
		{A64B10DE-86D8-4292-AE45-749B6CCDFCC3}.Debug|Any CPU.Build.0 = Debug|Any CPU
		{A64B10DE-86D8-4292-AE45-749B6CCDFCC3}.Release|Any CPU.ActiveCfg = Release|Any CPU
		{A64B10DE-86D8-4292-AE45-749B6CCDFCC3}.Release|Any CPU.Build.0 = Release|Any CPU
		{C6D92122-016D-4E9D-AADA-1F70E0E8D977}.Debug|Any CPU.ActiveCfg = Debug|Any CPU
		{C6D92122-016D-4E9D-AADA-1F70E0E8D977}.Debug|Any CPU.Build.0 = Debug|Any CPU
		{C6D92122-016D-4E9D-AADA-1F70E0E8D977}.Release|Any CPU.ActiveCfg = Release|Any CPU
		{C6D92122-016D-4E9D-AADA-1F70E0E8D977}.Release|Any CPU.Build.0 = Release|Any CPU
		{165B8A00-AD38-4332-B500-01F4721566E5}.Debug|Any CPU.ActiveCfg = Debug|Any CPU
		{165B8A00-AD38-4332-B500-01F4721566E5}.Debug|Any CPU.Build.0 = Debug|Any CPU
		{165B8A00-AD38-4332-B500-01F4721566E5}.Release|Any CPU.ActiveCfg = Release|Any CPU
		{165B8A00-AD38-4332-B500-01F4721566E5}.Release|Any CPU.Build.0 = Release|Any CPU
		{326F9500-E355-48A9-89B2-4981C327D8B6}.Debug|Any CPU.ActiveCfg = Debug|Any CPU
		{326F9500-E355-48A9-89B2-4981C327D8B6}.Debug|Any CPU.Build.0 = Debug|Any CPU
		{326F9500-E355-48A9-89B2-4981C327D8B6}.Release|Any CPU.ActiveCfg = Release|Any CPU
		{326F9500-E355-48A9-89B2-4981C327D8B6}.Release|Any CPU.Build.0 = Release|Any CPU
		{0359F6C4-BEC9-431F-A156-CA327BFDA0F4}.Debug|Any CPU.ActiveCfg = Debug|Any CPU
		{0359F6C4-BEC9-431F-A156-CA327BFDA0F4}.Debug|Any CPU.Build.0 = Debug|Any CPU
		{0359F6C4-BEC9-431F-A156-CA327BFDA0F4}.Release|Any CPU.ActiveCfg = Release|Any CPU
		{0359F6C4-BEC9-431F-A156-CA327BFDA0F4}.Release|Any CPU.Build.0 = Release|Any CPU
		{1687F454-1B11-41AF-BA14-CE4293643D7B}.Debug|Any CPU.ActiveCfg = Debug|Any CPU
		{1687F454-1B11-41AF-BA14-CE4293643D7B}.Debug|Any CPU.Build.0 = Debug|Any CPU
		{1687F454-1B11-41AF-BA14-CE4293643D7B}.Release|Any CPU.ActiveCfg = Release|Any CPU
		{1687F454-1B11-41AF-BA14-CE4293643D7B}.Release|Any CPU.Build.0 = Release|Any CPU
		{51CDF335-F6DE-434F-B005-53B6B02DD100}.Debug|Any CPU.ActiveCfg = Debug|Any CPU
		{51CDF335-F6DE-434F-B005-53B6B02DD100}.Debug|Any CPU.Build.0 = Debug|Any CPU
		{51CDF335-F6DE-434F-B005-53B6B02DD100}.Release|Any CPU.ActiveCfg = Release|Any CPU
		{51CDF335-F6DE-434F-B005-53B6B02DD100}.Release|Any CPU.Build.0 = Release|Any CPU
		{3A4C3A2C-7022-474E-A52D-BB82FFE187D0}.Debug|Any CPU.ActiveCfg = Debug|Any CPU
		{3A4C3A2C-7022-474E-A52D-BB82FFE187D0}.Debug|Any CPU.Build.0 = Debug|Any CPU
		{3A4C3A2C-7022-474E-A52D-BB82FFE187D0}.Release|Any CPU.ActiveCfg = Release|Any CPU
		{3A4C3A2C-7022-474E-A52D-BB82FFE187D0}.Release|Any CPU.Build.0 = Release|Any CPU
		{3761C675-CE93-47F3-88B8-1D6DCB2F2F68}.Debug|Any CPU.ActiveCfg = Debug|Any CPU
		{3761C675-CE93-47F3-88B8-1D6DCB2F2F68}.Debug|Any CPU.Build.0 = Debug|Any CPU
		{3761C675-CE93-47F3-88B8-1D6DCB2F2F68}.Release|Any CPU.ActiveCfg = Release|Any CPU
		{3761C675-CE93-47F3-88B8-1D6DCB2F2F68}.Release|Any CPU.Build.0 = Release|Any CPU
		{8AFF5203-E857-459B-ACE8-09DD7243C73B}.Debug|Any CPU.ActiveCfg = Debug|Any CPU
		{8AFF5203-E857-459B-ACE8-09DD7243C73B}.Debug|Any CPU.Build.0 = Debug|Any CPU
		{8AFF5203-E857-459B-ACE8-09DD7243C73B}.Release|Any CPU.ActiveCfg = Release|Any CPU
		{8AFF5203-E857-459B-ACE8-09DD7243C73B}.Release|Any CPU.Build.0 = Release|Any CPU
		{F08E9782-A9B2-41B7-B8CD-FC614A4A6CEE}.Debug|Any CPU.ActiveCfg = Debug|Any CPU
		{F08E9782-A9B2-41B7-B8CD-FC614A4A6CEE}.Debug|Any CPU.Build.0 = Debug|Any CPU
		{F08E9782-A9B2-41B7-B8CD-FC614A4A6CEE}.Release|Any CPU.ActiveCfg = Release|Any CPU
		{F08E9782-A9B2-41B7-B8CD-FC614A4A6CEE}.Release|Any CPU.Build.0 = Release|Any CPU
		{25FAF8A3-825E-42AA-A175-3E3C4B9EDF5E}.Debug|Any CPU.ActiveCfg = Debug|Any CPU
		{25FAF8A3-825E-42AA-A175-3E3C4B9EDF5E}.Debug|Any CPU.Build.0 = Debug|Any CPU
		{25FAF8A3-825E-42AA-A175-3E3C4B9EDF5E}.Release|Any CPU.ActiveCfg = Release|Any CPU
		{25FAF8A3-825E-42AA-A175-3E3C4B9EDF5E}.Release|Any CPU.Build.0 = Release|Any CPU
		{B85BE4F9-28D4-470B-B6AB-E4138E3B913F}.Debug|Any CPU.ActiveCfg = Debug|Any CPU
		{B85BE4F9-28D4-470B-B6AB-E4138E3B913F}.Debug|Any CPU.Build.0 = Debug|Any CPU
		{B85BE4F9-28D4-470B-B6AB-E4138E3B913F}.Release|Any CPU.ActiveCfg = Release|Any CPU
		{B85BE4F9-28D4-470B-B6AB-E4138E3B913F}.Release|Any CPU.Build.0 = Release|Any CPU
		{A50E4854-E58B-41F5-94B1-EA10E0A4E2E4}.Debug|Any CPU.ActiveCfg = Debug|Any CPU
		{A50E4854-E58B-41F5-94B1-EA10E0A4E2E4}.Debug|Any CPU.Build.0 = Debug|Any CPU
		{A50E4854-E58B-41F5-94B1-EA10E0A4E2E4}.Release|Any CPU.ActiveCfg = Release|Any CPU
		{A50E4854-E58B-41F5-94B1-EA10E0A4E2E4}.Release|Any CPU.Build.0 = Release|Any CPU
		{2E23D2D5-B5E7-42EE-A932-FE7CF3858CA7}.Debug|Any CPU.ActiveCfg = Debug|Any CPU
		{2E23D2D5-B5E7-42EE-A932-FE7CF3858CA7}.Debug|Any CPU.Build.0 = Debug|Any CPU
		{2E23D2D5-B5E7-42EE-A932-FE7CF3858CA7}.Release|Any CPU.ActiveCfg = Release|Any CPU
		{2E23D2D5-B5E7-42EE-A932-FE7CF3858CA7}.Release|Any CPU.Build.0 = Release|Any CPU
		{01553B71-922C-4664-B74B-0F454A9260D9}.Debug|Any CPU.ActiveCfg = Debug|Any CPU
		{01553B71-922C-4664-B74B-0F454A9260D9}.Debug|Any CPU.Build.0 = Debug|Any CPU
		{01553B71-922C-4664-B74B-0F454A9260D9}.Release|Any CPU.ActiveCfg = Release|Any CPU
		{01553B71-922C-4664-B74B-0F454A9260D9}.Release|Any CPU.Build.0 = Release|Any CPU
		{67D7B778-CE53-4489-AACD-6C7D24284B46}.Debug|Any CPU.ActiveCfg = Debug|Any CPU
		{67D7B778-CE53-4489-AACD-6C7D24284B46}.Debug|Any CPU.Build.0 = Debug|Any CPU
		{67D7B778-CE53-4489-AACD-6C7D24284B46}.Release|Any CPU.ActiveCfg = Release|Any CPU
		{67D7B778-CE53-4489-AACD-6C7D24284B46}.Release|Any CPU.Build.0 = Release|Any CPU
		{39491E9A-8D49-467A-8BCE-E2A343175155}.Debug|Any CPU.ActiveCfg = Debug|Any CPU
		{39491E9A-8D49-467A-8BCE-E2A343175155}.Debug|Any CPU.Build.0 = Debug|Any CPU
		{39491E9A-8D49-467A-8BCE-E2A343175155}.Release|Any CPU.ActiveCfg = Release|Any CPU
		{39491E9A-8D49-467A-8BCE-E2A343175155}.Release|Any CPU.Build.0 = Release|Any CPU
		{A5850F15-2689-417C-9047-97326E9F39E7}.Debug|Any CPU.ActiveCfg = Debug|Any CPU
		{A5850F15-2689-417C-9047-97326E9F39E7}.Debug|Any CPU.Build.0 = Debug|Any CPU
		{A5850F15-2689-417C-9047-97326E9F39E7}.Release|Any CPU.ActiveCfg = Release|Any CPU
		{A5850F15-2689-417C-9047-97326E9F39E7}.Release|Any CPU.Build.0 = Release|Any CPU
		{93E77B92-FE79-4478-B387-D616ABFAC944}.Debug|Any CPU.ActiveCfg = Debug|Any CPU
		{93E77B92-FE79-4478-B387-D616ABFAC944}.Debug|Any CPU.Build.0 = Debug|Any CPU
		{93E77B92-FE79-4478-B387-D616ABFAC944}.Release|Any CPU.ActiveCfg = Release|Any CPU
		{93E77B92-FE79-4478-B387-D616ABFAC944}.Release|Any CPU.Build.0 = Release|Any CPU
	EndGlobalSection
	GlobalSection(SolutionProperties) = preSolution
		HideSolutionNode = FALSE
	EndGlobalSection
	GlobalSection(NestedProjects) = preSolution
		{C99FC7B7-ED61-4351-95E6-E0A6379E26ED} = {020E2D52-874F-4242-9BCA-CB68C114475B}
		{5F428EE8-E4FE-4D16-B197-562CE8872371} = {020E2D52-874F-4242-9BCA-CB68C114475B}
		{7DA5FC03-5A35-4B2C-8BB2-BDF5ECF83606} = {020E2D52-874F-4242-9BCA-CB68C114475B}
		{02883B49-D1A7-436E-9941-B17CFC349DF0} = {020E2D52-874F-4242-9BCA-CB68C114475B}
		{BAF34A40-0D8C-4B96-9121-15AC3D6C92DA} = {020E2D52-874F-4242-9BCA-CB68C114475B}
		{AF8F418E-F509-4724-9EBE-6884125D8EE4} = {020E2D52-874F-4242-9BCA-CB68C114475B}
		{1C9345D7-2538-4ED3-9C71-A2921908E439} = {020E2D52-874F-4242-9BCA-CB68C114475B}
		{C511221F-3601-4046-AE1E-68C96BDB270B} = {F1AF1759-BDCC-4281-8B29-9A787F47F153}
		{FF67E387-2ACA-470D-8E20-B6459BCD58C0} = {0E22DCB1-A1B8-4FAA-B68C-1927E2B47F75}
		{37FCBCD9-4701-44EC-BEF6-9019F698846A} = {0E22DCB1-A1B8-4FAA-B68C-1927E2B47F75}
		{C6A06857-12F6-4037-A501-34D9F9304116} = {0E22DCB1-A1B8-4FAA-B68C-1927E2B47F75}
		{0B260841-0180-4855-9AC7-CB268797F547} = {0E22DCB1-A1B8-4FAA-B68C-1927E2B47F75}
		{6F95F83E-AD83-4E44-92A5-D7D1F66FB9FA} = {0E22DCB1-A1B8-4FAA-B68C-1927E2B47F75}
		{CE7EC894-B81E-4E42-A7A2-0424B9334443} = {0E22DCB1-A1B8-4FAA-B68C-1927E2B47F75}
		{97ADBDA6-5552-4438-BA46-78C41CA2664F} = {0E22DCB1-A1B8-4FAA-B68C-1927E2B47F75}
		{BF2857DE-407D-4136-90D4-7B19C34EF1BE} = {0E22DCB1-A1B8-4FAA-B68C-1927E2B47F75}
		{E6F82B6E-B60A-423C-B7DC-1608FD965DCE} = {0E22DCB1-A1B8-4FAA-B68C-1927E2B47F75}
		{8924FFA4-105D-45B0-A053-B7AA84E0344F} = {0E22DCB1-A1B8-4FAA-B68C-1927E2B47F75}
		{72147657-0258-46B6-9483-A3E71EFAF4A8} = {0E22DCB1-A1B8-4FAA-B68C-1927E2B47F75}
		{2B8FE4C8-CFA9-425D-ACDD-D71210470B77} = {020E2D52-874F-4242-9BCA-CB68C114475B}
		{7E8A9829-E4AB-494E-B626-F6200074FEF0} = {0E22DCB1-A1B8-4FAA-B68C-1927E2B47F75}
		{079265E3-FE07-40F8-96D8-6F8A3C442320} = {F1AF1759-BDCC-4281-8B29-9A787F47F153}
		{010DF578-7222-4097-9F6A-5EA1C2EE71B7} = {F1AF1759-BDCC-4281-8B29-9A787F47F153}
		{0D865C94-D074-47B3-95FE-AC2D939D5CCF} = {F1AF1759-BDCC-4281-8B29-9A787F47F153}
		{B0E9674C-398E-4BA4-8F6E-56FBAC933190} = {F1AF1759-BDCC-4281-8B29-9A787F47F153}
		{CF1EF0E3-00E2-4DC3-8C11-4B69021B621A} = {020E2D52-874F-4242-9BCA-CB68C114475B}
		{63DC61B7-EA1F-4879-8666-3B6112FD1698} = {23C8F17E-1D2E-44EB-BBAF-D18374B1DDD3}
		{0C210BD2-E614-43E4-9E53-E6419597F00E} = {23C8F17E-1D2E-44EB-BBAF-D18374B1DDD3}
		{806DF0B3-A856-41ED-AA99-6340B8C4CA58} = {23C8F17E-1D2E-44EB-BBAF-D18374B1DDD3}
		{F3A97148-1442-44D9-B653-A637ED3C5643} = {23C8F17E-1D2E-44EB-BBAF-D18374B1DDD3}
		{A535E31E-5427-40CA-9448-EF0919D00ADA} = {020E2D52-874F-4242-9BCA-CB68C114475B}
		{66E861E6-A813-44BE-BB9D-F56D50492923} = {020E2D52-874F-4242-9BCA-CB68C114475B}
		{7D8B9933-A6C9-408D-8ED1-63CBB520AFA1} = {020E2D52-874F-4242-9BCA-CB68C114475B}
		{242ABA57-A7A7-4545-9C1E-89C317AFEEB5} = {020E2D52-874F-4242-9BCA-CB68C114475B}
		{DBEA370D-4C89-41D0-B35E-64AB391EC2E3} = {4C2AE59B-9A92-47D7-B4C0-0A12165B6E1E}
		{79973C63-2493-4319-8545-24EE7BA9A78E} = {4C2AE59B-9A92-47D7-B4C0-0A12165B6E1E}
		{05980041-6D61-43AE-8111-02C9FD7E135A} = {4C2AE59B-9A92-47D7-B4C0-0A12165B6E1E}
		{269A0EB8-EC5B-4528-B578-05719244206A} = {4C2AE59B-9A92-47D7-B4C0-0A12165B6E1E}
		{526E787F-AC9A-4C68-8C00-C84C3F551B2B} = {4C2AE59B-9A92-47D7-B4C0-0A12165B6E1E}
		{0CA88CBF-EACE-41B3-86D5-088B66BF591E} = {4C2AE59B-9A92-47D7-B4C0-0A12165B6E1E}
		{14E19B4A-8E66-4C3A-AA03-469092C34C8B} = {4C2AE59B-9A92-47D7-B4C0-0A12165B6E1E}
		{BB54DF1A-DAF9-4F0B-9F46-3867D639B1A4} = {4C2AE59B-9A92-47D7-B4C0-0A12165B6E1E}
		{75882BAD-B387-49DB-806A-D153F4322049} = {4C2AE59B-9A92-47D7-B4C0-0A12165B6E1E}
		{99DC3F44-7694-432B-A75B-B3BA339ACC41} = {4C2AE59B-9A92-47D7-B4C0-0A12165B6E1E}
		{7DB3B816-1317-4FB1-9C47-E498D306AF44} = {4C2AE59B-9A92-47D7-B4C0-0A12165B6E1E}
		{0E7D5EFF-FE10-415F-B691-8330776DE954} = {4C2AE59B-9A92-47D7-B4C0-0A12165B6E1E}
		{B8CB5C56-D4F3-418B-BEEA-536715B913FD} = {4C2AE59B-9A92-47D7-B4C0-0A12165B6E1E}
		{96DE0D46-34BE-4610-A69A-1DF96FC8FA25} = {4C2AE59B-9A92-47D7-B4C0-0A12165B6E1E}
		{CDF00817-3852-41F3-8D15-C162418671A5} = {4C2AE59B-9A92-47D7-B4C0-0A12165B6E1E}
		{6C91FCDC-808D-4764-9198-B3FCBA25F2A9} = {4C2AE59B-9A92-47D7-B4C0-0A12165B6E1E}
		{B5409483-FF52-458E-8D7F-EA1C5B267260} = {4C2AE59B-9A92-47D7-B4C0-0A12165B6E1E}
		{498EF08B-055F-4BC2-9750-36AA4FD9869E} = {4C2AE59B-9A92-47D7-B4C0-0A12165B6E1E}
		{7239C634-EF7B-486C-A6AE-09CA94B0CFDF} = {4C2AE59B-9A92-47D7-B4C0-0A12165B6E1E}
		{F18B408A-8E2F-4CDD-96D6-60BAD017613F} = {4C2AE59B-9A92-47D7-B4C0-0A12165B6E1E}
		{BC3B661B-20C5-4085-BA01-6E9FFD226C80} = {4C2AE59B-9A92-47D7-B4C0-0A12165B6E1E}
		{032D93CD-C1F3-43FE-A087-E5944CF38CD1} = {020E2D52-874F-4242-9BCA-CB68C114475B}
		{1D483028-A358-4393-BDF4-D16DB8984E3A} = {020E2D52-874F-4242-9BCA-CB68C114475B}
		{5CD08C39-7D2A-4DF1-8DEE-4A4025C77EFE} = {9EE16124-D623-4AFC-8A1F-FFA4DFFFBEA0}
		{C02280C7-C700-4CAE-AB92-2F530EAF7A51} = {9EE16124-D623-4AFC-8A1F-FFA4DFFFBEA0}
		{75A3DE24-2B2C-471E-A588-6D10AE86BE37} = {9EE16124-D623-4AFC-8A1F-FFA4DFFFBEA0}
		{0EEFECCB-253C-45FF-997B-A4606D345978} = {9EE16124-D623-4AFC-8A1F-FFA4DFFFBEA0}
		{487DE669-B826-4041-8477-3E2C8AF9D8D7} = {9EE16124-D623-4AFC-8A1F-FFA4DFFFBEA0}
		{4378FED3-61A7-4D40-90C7-016C08F508B9} = {9EE16124-D623-4AFC-8A1F-FFA4DFFFBEA0}
		{3D96E896-2494-4657-B4BB-1D632D8C92F6} = {9EE16124-D623-4AFC-8A1F-FFA4DFFFBEA0}
		{450F0D3A-F76A-4172-9285-9027B6BD65F8} = {9EE16124-D623-4AFC-8A1F-FFA4DFFFBEA0}
		{8FA84BCC-A074-46F8-91F8-00C9115B5196} = {020E2D52-874F-4242-9BCA-CB68C114475B}
		{7E2DD765-0BA3-4158-86DF-EBD0A6009815} = {020E2D52-874F-4242-9BCA-CB68C114475B}
		{DFB3C789-99B0-45A7-9F91-BDCFF79922AA} = {020E2D52-874F-4242-9BCA-CB68C114475B}
		{DB11A2FA-F02A-46BE-A8A6-BFB98BAEF4A9} = {020E2D52-874F-4242-9BCA-CB68C114475B}
		{632CB4F7-4734-4516-8856-BAED12ADA2AD} = {4B35CC4F-7E69-495B-8ED1-03916171F8CC}
		{CAB5EFF3-D8A6-4C76-8DA0-ECAA9B6A6112} = {4B35CC4F-7E69-495B-8ED1-03916171F8CC}
		{15645B83-8C32-4134-87E4-A9FCC6C6C5E7} = {4B35CC4F-7E69-495B-8ED1-03916171F8CC}
		{A15B352A-51DE-43C2-9DDD-767F73AB72C3} = {4B35CC4F-7E69-495B-8ED1-03916171F8CC}
		{4E18B17A-CAB7-4888-BE9A-9BF3BD366B1C} = {4B35CC4F-7E69-495B-8ED1-03916171F8CC}
		{633B55ED-E750-4C6F-B36B-6A1C826E7CD1} = {4B35CC4F-7E69-495B-8ED1-03916171F8CC}
		{52F21CE6-62DB-4B93-AB59-B6616C764DA4} = {4B35CC4F-7E69-495B-8ED1-03916171F8CC}
		{434E41CB-2514-43EF-9A15-A9C8856782E4} = {4B35CC4F-7E69-495B-8ED1-03916171F8CC}
		{77DAB1E1-59BB-4349-B714-B5E60CCBF43F} = {4B35CC4F-7E69-495B-8ED1-03916171F8CC}
		{449D2091-3AFD-4399-A003-45D07FA5B157} = {4B35CC4F-7E69-495B-8ED1-03916171F8CC}
		{A446E37D-2BED-42FD-AE92-2DBA29479533} = {4B35CC4F-7E69-495B-8ED1-03916171F8CC}
		{695B14B1-7758-468C-BAED-84A5DEAF5CC1} = {4B35CC4F-7E69-495B-8ED1-03916171F8CC}
		{7F42D630-7043-46A0-A9CC-224B69A9A62C} = {4B35CC4F-7E69-495B-8ED1-03916171F8CC}
		{A64B10DE-86D8-4292-AE45-749B6CCDFCC3} = {4B35CC4F-7E69-495B-8ED1-03916171F8CC}
		{C6D92122-016D-4E9D-AADA-1F70E0E8D977} = {4B35CC4F-7E69-495B-8ED1-03916171F8CC}
		{165B8A00-AD38-4332-B500-01F4721566E5} = {020E2D52-874F-4242-9BCA-CB68C114475B}
		{326F9500-E355-48A9-89B2-4981C327D8B6} = {020E2D52-874F-4242-9BCA-CB68C114475B}
		{0359F6C4-BEC9-431F-A156-CA327BFDA0F4} = {020E2D52-874F-4242-9BCA-CB68C114475B}
		{1687F454-1B11-41AF-BA14-CE4293643D7B} = {020E2D52-874F-4242-9BCA-CB68C114475B}
		{51CDF335-F6DE-434F-B005-53B6B02DD100} = {020E2D52-874F-4242-9BCA-CB68C114475B}
		{3A4C3A2C-7022-474E-A52D-BB82FFE187D0} = {020E2D52-874F-4242-9BCA-CB68C114475B}
		{3761C675-CE93-47F3-88B8-1D6DCB2F2F68} = {839431FB-562B-4641-89D3-0B94F542F0E6}
		{8AFF5203-E857-459B-ACE8-09DD7243C73B} = {839431FB-562B-4641-89D3-0B94F542F0E6}
		{F08E9782-A9B2-41B7-B8CD-FC614A4A6CEE} = {839431FB-562B-4641-89D3-0B94F542F0E6}
		{25FAF8A3-825E-42AA-A175-3E3C4B9EDF5E} = {839431FB-562B-4641-89D3-0B94F542F0E6}
		{B85BE4F9-28D4-470B-B6AB-E4138E3B913F} = {839431FB-562B-4641-89D3-0B94F542F0E6}
		{A50E4854-E58B-41F5-94B1-EA10E0A4E2E4} = {839431FB-562B-4641-89D3-0B94F542F0E6}
		{2E23D2D5-B5E7-42EE-A932-FE7CF3858CA7} = {839431FB-562B-4641-89D3-0B94F542F0E6}
		{01553B71-922C-4664-B74B-0F454A9260D9} = {839431FB-562B-4641-89D3-0B94F542F0E6}
		{67D7B778-CE53-4489-AACD-6C7D24284B46} = {839431FB-562B-4641-89D3-0B94F542F0E6}
		{39491E9A-8D49-467A-8BCE-E2A343175155} = {020E2D52-874F-4242-9BCA-CB68C114475B}
		{A5850F15-2689-417C-9047-97326E9F39E7} = {020E2D52-874F-4242-9BCA-CB68C114475B}
		{93E77B92-FE79-4478-B387-D616ABFAC944} = {020E2D52-874F-4242-9BCA-CB68C114475B}
	EndGlobalSection
	GlobalSection(ExtensibilityGlobals) = postSolution
		SolutionGuid = {9C0A41D1-8360-49FE-929E-D0F67299FF28}
	EndGlobalSection
EndGlobal
